
Microsoft Visual Studio Solution File, Format Version 12.00
# Visual Studio Version 17
VisualStudioVersion = 17.6.33829.357
MinimumVisualStudioVersion = 10.0.40219.1
Project("{9A19103F-16F7-4668-BE54-9A1E7A4F7556}") = "ReportApp", "ReportApp\ReportApp.csproj", "{2E04664D-B04D-4B2D-82E1-887567EE2B39}"
EndProject
Project("{9A19103F-16F7-4668-BE54-9A1E7A4F7556}") = "ReportApp.API", "ReportApp.API\ReportApp.API.csproj", "{C7F760FE-9B42-4113-A6C4-F76F7E13B3A1}"
EndProject
Project("{9A19103F-16F7-4668-BE54-9A1E7A4F7556}") = "ReportApp.Shared", "Shared\ReportApp.Shared.csproj", "{D0F0AD11-B657-41E7-9E9A-3280503073F6}"
EndProject
Global
	GlobalSection(SolutionConfigurationPlatforms) = preSolution
		Debug|Any CPU = Debug|Any CPU
		Debug|arm64 = Debug|arm64
		Debug|x86 = Debug|x86
		Release|Any CPU = Release|Any CPU
		Release|arm64 = Release|arm64
		Release|x86 = Release|x86
	EndGlobalSection
	GlobalSection(ProjectConfigurationPlatforms) = postSolution
		{2E04664D-B04D-4B2D-82E1-887567EE2B39}.Debug|Any CPU.ActiveCfg = Debug|Any CPU
		{2E04664D-B04D-4B2D-82E1-887567EE2B39}.Debug|Any CPU.Build.0 = Debug|Any CPU
		{2E04664D-B04D-4B2D-82E1-887567EE2B39}.Debug|arm64.ActiveCfg = Debug|Any CPU
		{2E04664D-B04D-4B2D-82E1-887567EE2B39}.Debug|arm64.Build.0 = Debug|Any CPU
		{2E04664D-B04D-4B2D-82E1-887567EE2B39}.Debug|x86.ActiveCfg = Debug|Any CPU
		{2E04664D-B04D-4B2D-82E1-887567EE2B39}.Debug|x86.Build.0 = Debug|Any CPU
		{2E04664D-B04D-4B2D-82E1-887567EE2B39}.Release|Any CPU.ActiveCfg = Release|Any CPU
		{2E04664D-B04D-4B2D-82E1-887567EE2B39}.Release|Any CPU.Build.0 = Release|Any CPU
		{2E04664D-B04D-4B2D-82E1-887567EE2B39}.Release|arm64.ActiveCfg = Release|Any CPU
		{2E04664D-B04D-4B2D-82E1-887567EE2B39}.Release|arm64.Build.0 = Release|Any CPU
		{2E04664D-B04D-4B2D-82E1-887567EE2B39}.Release|x86.ActiveCfg = Release|Any CPU
		{2E04664D-B04D-4B2D-82E1-887567EE2B39}.Release|x86.Build.0 = Release|Any CPU
		{C7F760FE-9B42-4113-A6C4-F76F7E13B3A1}.Debug|Any CPU.ActiveCfg = Debug|Any CPU
		{C7F760FE-9B42-4113-A6C4-F76F7E13B3A1}.Debug|Any CPU.Build.0 = Debug|Any CPU
		{C7F760FE-9B42-4113-A6C4-F76F7E13B3A1}.Debug|arm64.ActiveCfg = Debug|Any CPU
		{C7F760FE-9B42-4113-A6C4-F76F7E13B3A1}.Debug|arm64.Build.0 = Debug|Any CPU
		{C7F760FE-9B42-4113-A6C4-F76F7E13B3A1}.Debug|x86.ActiveCfg = Debug|Any CPU
		{C7F760FE-9B42-4113-A6C4-F76F7E13B3A1}.Debug|x86.Build.0 = Debug|Any CPU
		{C7F760FE-9B42-4113-A6C4-F76F7E13B3A1}.Release|Any CPU.ActiveCfg = Release|Any CPU
		{C7F760FE-9B42-4113-A6C4-F76F7E13B3A1}.Release|Any CPU.Build.0 = Release|Any CPU
		{C7F760FE-9B42-4113-A6C4-F76F7E13B3A1}.Release|arm64.ActiveCfg = Release|Any CPU
		{C7F760FE-9B42-4113-A6C4-F76F7E13B3A1}.Release|arm64.Build.0 = Release|Any CPU
		{C7F760FE-9B42-4113-A6C4-F76F7E13B3A1}.Release|x86.ActiveCfg = Release|Any CPU
		{C7F760FE-9B42-4113-A6C4-F76F7E13B3A1}.Release|x86.Build.0 = Release|Any CPU
		{D0F0AD11-B657-41E7-9E9A-3280503073F6}.Debug|Any CPU.ActiveCfg = Debug|Any CPU
		{D0F0AD11-B657-41E7-9E9A-3280503073F6}.Debug|Any CPU.Build.0 = Debug|Any CPU
		{D0F0AD11-B657-41E7-9E9A-3280503073F6}.Debug|arm64.ActiveCfg = Debug|Any CPU
		{D0F0AD11-B657-41E7-9E9A-3280503073F6}.Debug|arm64.Build.0 = Debug|Any CPU
		{D0F0AD11-B657-41E7-9E9A-3280503073F6}.Debug|x86.ActiveCfg = Debug|Any CPU
		{D0F0AD11-B657-41E7-9E9A-3280503073F6}.Debug|x86.Build.0 = Debug|Any CPU
		{D0F0AD11-B657-41E7-9E9A-3280503073F6}.Release|Any CPU.ActiveCfg = Release|Any CPU
		{D0F0AD11-B657-41E7-9E9A-3280503073F6}.Release|Any CPU.Build.0 = Release|Any CPU
		{D0F0AD11-B657-41E7-9E9A-3280503073F6}.Release|arm64.ActiveCfg = Release|Any CPU
		{D0F0AD11-B657-41E7-9E9A-3280503073F6}.Release|arm64.Build.0 = Release|Any CPU
		{D0F0AD11-B657-41E7-9E9A-3280503073F6}.Release|x86.ActiveCfg = Release|Any CPU
		{D0F0AD11-B657-41E7-9E9A-3280503073F6}.Release|x86.Build.0 = Release|Any CPU
	EndGlobalSection
	GlobalSection(SolutionProperties) = preSolution
		HideSolutionNode = FALSE
	EndGlobalSection
	GlobalSection(ExtensibilityGlobals) = postSolution
		SolutionGuid = {0A4CA4A9-187C-43D3-B3D8-A74FEA87A7F9}
	EndGlobalSection
EndGlobal
